// !$*UTF8*$!
{
	archiveVersion = 1;
	classes = {
	};
	objectVersion = 46;
	objects = {

/* Begin PBXBuildFile section */
		58D1D4341BE9D5F90087D7D9 /* main.m in Sources */ = {isa = PBXBuildFile; fileRef = 58D1D4331BE9D5F90087D7D9 /* main.m */; };
		58D1D4371BE9D5F90087D7D9 /* AppDelegate.m in Sources */ = {isa = PBXBuildFile; fileRef = 58D1D4361BE9D5F90087D7D9 /* AppDelegate.m */; };
		58D1D43A1BE9D5F90087D7D9 /* ViewController.m in Sources */ = {isa = PBXBuildFile; fileRef = 58D1D4391BE9D5F90087D7D9 /* ViewController.m */; };
		58D1D43D1BE9D5F90087D7D9 /* Main.storyboard in Resources */ = {isa = PBXBuildFile; fileRef = 58D1D43B1BE9D5F90087D7D9 /* Main.storyboard */; };
		58D1D43F1BE9D5F90087D7D9 /* Assets.xcassets in Resources */ = {isa = PBXBuildFile; fileRef = 58D1D43E1BE9D5F90087D7D9 /* Assets.xcassets */; };
		58D1D4421BE9D5F90087D7D9 /* LaunchScreen.storyboard in Resources */ = {isa = PBXBuildFile; fileRef = 58D1D4401BE9D5F90087D7D9 /* LaunchScreen.storyboard */; };
		58D1D44D1BE9D5F90087D7D9 /* MailSuffixTests.m in Sources */ = {isa = PBXBuildFile; fileRef = 58D1D44C1BE9D5F90087D7D9 /* MailSuffixTests.m */; };
		58D1D4581BE9D5F90087D7D9 /* MailSuffixUITests.m in Sources */ = {isa = PBXBuildFile; fileRef = 58D1D4571BE9D5F90087D7D9 /* MailSuffixUITests.m */; };
/* End PBXBuildFile section */

/* Begin PBXContainerItemProxy section */
		58D1D4491BE9D5F90087D7D9 /* PBXContainerItemProxy */ = {
			isa = PBXContainerItemProxy;
			containerPortal = 58D1D4271BE9D5F90087D7D9 /* Project object */;
			proxyType = 1;
			remoteGlobalIDString = 58D1D42E1BE9D5F90087D7D9;
			remoteInfo = MailSuffix;
		};
		58D1D4541BE9D5F90087D7D9 /* PBXContainerItemProxy */ = {
			isa = PBXContainerItemProxy;
			containerPortal = 58D1D4271BE9D5F90087D7D9 /* Project object */;
			proxyType = 1;
			remoteGlobalIDString = 58D1D42E1BE9D5F90087D7D9;
			remoteInfo = MailSuffix;
		};
/* End PBXContainerItemProxy section */

/* Begin PBXFileReference section */
		58D1D42F1BE9D5F90087D7D9 /* MailSuffix.app */ = {isa = PBXFileReference; explicitFileType = wrapper.application; includeInIndex = 0; path = MailSuffix.app; sourceTree = BUILT_PRODUCTS_DIR; };
		58D1D4331BE9D5F90087D7D9 /* main.m */ = {isa = PBXFileReference; lastKnownFileType = sourcecode.c.objc; path = main.m; sourceTree = "<group>"; };
		58D1D4351BE9D5F90087D7D9 /* AppDelegate.h */ = {isa = PBXFileReference; lastKnownFileType = sourcecode.c.h; path = AppDelegate.h; sourceTree = "<group>"; };
		58D1D4361BE9D5F90087D7D9 /* AppDelegate.m */ = {isa = PBXFileReference; lastKnownFileType = sourcecode.c.objc; path = AppDelegate.m; sourceTree = "<group>"; };
		58D1D4381BE9D5F90087D7D9 /* ViewController.h */ = {isa = PBXFileReference; lastKnownFileType = sourcecode.c.h; path = ViewController.h; sourceTree = "<group>"; };
		58D1D4391BE9D5F90087D7D9 /* ViewController.m */ = {isa = PBXFileReference; lastKnownFileType = sourcecode.c.objc; path = ViewController.m; sourceTree = "<group>"; };
		58D1D43C1BE9D5F90087D7D9 /* Base */ = {isa = PBXFileReference; lastKnownFileType = file.storyboard; name = Base; path = Base.lproj/Main.storyboard; sourceTree = "<group>"; };
		58D1D43E1BE9D5F90087D7D9 /* Assets.xcassets */ = {isa = PBXFileReference; lastKnownFileType = folder.assetcatalog; path = Assets.xcassets; sourceTree = "<group>"; };
		58D1D4411BE9D5F90087D7D9 /* Base */ = {isa = PBXFileReference; lastKnownFileType = file.storyboard; name = Base; path = Base.lproj/LaunchScreen.storyboard; sourceTree = "<group>"; };
		58D1D4431BE9D5F90087D7D9 /* Info.plist */ = {isa = PBXFileReference; lastKnownFileType = text.plist.xml; path = Info.plist; sourceTree = "<group>"; };
		58D1D4481BE9D5F90087D7D9 /* MailSuffixTests.xctest */ = {isa = PBXFileReference; explicitFileType = wrapper.cfbundle; includeInIndex = 0; path = MailSuffixTests.xctest; sourceTree = BUILT_PRODUCTS_DIR; };
		58D1D44C1BE9D5F90087D7D9 /* MailSuffixTests.m */ = {isa = PBXFileReference; lastKnownFileType = sourcecode.c.objc; path = MailSuffixTests.m; sourceTree = "<group>"; };
		58D1D44E1BE9D5F90087D7D9 /* Info.plist */ = {isa = PBXFileReference; lastKnownFileType = text.plist.xml; path = Info.plist; sourceTree = "<group>"; };
		58D1D4531BE9D5F90087D7D9 /* MailSuffixUITests.xctest */ = {isa = PBXFileReference; explicitFileType = wrapper.cfbundle; includeInIndex = 0; path = MailSuffixUITests.xctest; sourceTree = BUILT_PRODUCTS_DIR; };
		58D1D4571BE9D5F90087D7D9 /* MailSuffixUITests.m */ = {isa = PBXFileReference; lastKnownFileType = sourcecode.c.objc; path = MailSuffixUITests.m; sourceTree = "<group>"; };
		58D1D4591BE9D5F90087D7D9 /* Info.plist */ = {isa = PBXFileReference; lastKnownFileType = text.plist.xml; path = Info.plist; sourceTree = "<group>"; };
/* End PBXFileReference section */

/* Begin PBXFrameworksBuildPhase section */
		58D1D42C1BE9D5F90087D7D9 /* Frameworks */ = {
			isa = PBXFrameworksBuildPhase;
			buildActionMask = 2147483647;
			files = (
			);
			runOnlyForDeploymentPostprocessing = 0;
		};
		58D1D4451BE9D5F90087D7D9 /* Frameworks */ = {
			isa = PBXFrameworksBuildPhase;
			buildActionMask = 2147483647;
			files = (
			);
			runOnlyForDeploymentPostprocessing = 0;
		};
		58D1D4501BE9D5F90087D7D9 /* Frameworks */ = {
			isa = PBXFrameworksBuildPhase;
			buildActionMask = 2147483647;
			files = (
			);
			runOnlyForDeploymentPostprocessing = 0;
		};
/* End PBXFrameworksBuildPhase section */

/* Begin PBXGroup section */
		58D1D4261BE9D5F90087D7D9 = {
			isa = PBXGroup;
			children = (
				58D1D4311BE9D5F90087D7D9 /* MailSuffix */,
				58D1D44B1BE9D5F90087D7D9 /* MailSuffixTests */,
				58D1D4561BE9D5F90087D7D9 /* MailSuffixUITests */,
				58D1D4301BE9D5F90087D7D9 /* Products */,
			);
			sourceTree = "<group>";
		};
		58D1D4301BE9D5F90087D7D9 /* Products */ = {
			isa = PBXGroup;
			children = (
				58D1D42F1BE9D5F90087D7D9 /* MailSuffix.app */,
				58D1D4481BE9D5F90087D7D9 /* MailSuffixTests.xctest */,
				58D1D4531BE9D5F90087D7D9 /* MailSuffixUITests.xctest */,
			);
			name = Products;
			sourceTree = "<group>";
		};
		58D1D4311BE9D5F90087D7D9 /* MailSuffix */ = {
			isa = PBXGroup;
			children = (
				58D1D4351BE9D5F90087D7D9 /* AppDelegate.h */,
				58D1D4361BE9D5F90087D7D9 /* AppDelegate.m */,
				58D1D4381BE9D5F90087D7D9 /* ViewController.h */,
				58D1D4391BE9D5F90087D7D9 /* ViewController.m */,
				58D1D43B1BE9D5F90087D7D9 /* Main.storyboard */,
				58D1D43E1BE9D5F90087D7D9 /* Assets.xcassets */,
				58D1D4401BE9D5F90087D7D9 /* LaunchScreen.storyboard */,
				58D1D4431BE9D5F90087D7D9 /* Info.plist */,
				58D1D4321BE9D5F90087D7D9 /* Supporting Files */,
			);
			path = MailSuffix;
			sourceTree = "<group>";
		};
		58D1D4321BE9D5F90087D7D9 /* Supporting Files */ = {
			isa = PBXGroup;
			children = (
				58D1D4331BE9D5F90087D7D9 /* main.m */,
			);
			name = "Supporting Files";
			sourceTree = "<group>";
		};
		58D1D44B1BE9D5F90087D7D9 /* MailSuffixTests */ = {
			isa = PBXGroup;
			children = (
				58D1D44C1BE9D5F90087D7D9 /* MailSuffixTests.m */,
				58D1D44E1BE9D5F90087D7D9 /* Info.plist */,
			);
			path = MailSuffixTests;
			sourceTree = "<group>";
		};
		58D1D4561BE9D5F90087D7D9 /* MailSuffixUITests */ = {
			isa = PBXGroup;
			children = (
				58D1D4571BE9D5F90087D7D9 /* MailSuffixUITests.m */,
				58D1D4591BE9D5F90087D7D9 /* Info.plist */,
			);
			path = MailSuffixUITests;
			sourceTree = "<group>";
		};
/* End PBXGroup section */

/* Begin PBXNativeTarget section */
		58D1D42E1BE9D5F90087D7D9 /* MailSuffix */ = {
			isa = PBXNativeTarget;
			buildConfigurationList = 58D1D45C1BE9D5F90087D7D9 /* Build configuration list for PBXNativeTarget "MailSuffix" */;
			buildPhases = (
				58D1D42B1BE9D5F90087D7D9 /* Sources */,
				58D1D42C1BE9D5F90087D7D9 /* Frameworks */,
				58D1D42D1BE9D5F90087D7D9 /* Resources */,
			);
			buildRules = (
			);
			dependencies = (
			);
			name = MailSuffix;
			productName = MailSuffix;
			productReference = 58D1D42F1BE9D5F90087D7D9 /* MailSuffix.app */;
			productType = "com.apple.product-type.application";
		};
		58D1D4471BE9D5F90087D7D9 /* MailSuffixTests */ = {
			isa = PBXNativeTarget;
			buildConfigurationList = 58D1D45F1BE9D5F90087D7D9 /* Build configuration list for PBXNativeTarget "MailSuffixTests" */;
			buildPhases = (
				58D1D4441BE9D5F90087D7D9 /* Sources */,
				58D1D4451BE9D5F90087D7D9 /* Frameworks */,
				58D1D4461BE9D5F90087D7D9 /* Resources */,
			);
			buildRules = (
			);
			dependencies = (
				58D1D44A1BE9D5F90087D7D9 /* PBXTargetDependency */,
			);
			name = MailSuffixTests;
			productName = MailSuffixTests;
			productReference = 58D1D4481BE9D5F90087D7D9 /* MailSuffixTests.xctest */;
			productType = "com.apple.product-type.bundle.unit-test";
		};
		58D1D4521BE9D5F90087D7D9 /* MailSuffixUITests */ = {
			isa = PBXNativeTarget;
			buildConfigurationList = 58D1D4621BE9D5F90087D7D9 /* Build configuration list for PBXNativeTarget "MailSuffixUITests" */;
			buildPhases = (
				58D1D44F1BE9D5F90087D7D9 /* Sources */,
				58D1D4501BE9D5F90087D7D9 /* Frameworks */,
				58D1D4511BE9D5F90087D7D9 /* Resources */,
			);
			buildRules = (
			);
			dependencies = (
				58D1D4551BE9D5F90087D7D9 /* PBXTargetDependency */,
			);
			name = MailSuffixUITests;
			productName = MailSuffixUITests;
			productReference = 58D1D4531BE9D5F90087D7D9 /* MailSuffixUITests.xctest */;
			productType = "com.apple.product-type.bundle.ui-testing";
		};
/* End PBXNativeTarget section */

/* Begin PBXProject section */
		58D1D4271BE9D5F90087D7D9 /* Project object */ = {
			isa = PBXProject;
			attributes = {
				LastUpgradeCheck = 0700;
				ORGANIZATIONNAME = GSH;
				TargetAttributes = {
					58D1D42E1BE9D5F90087D7D9 = {
						CreatedOnToolsVersion = 7.0;
					};
					58D1D4471BE9D5F90087D7D9 = {
						CreatedOnToolsVersion = 7.0;
						TestTargetID = 58D1D42E1BE9D5F90087D7D9;
					};
					58D1D4521BE9D5F90087D7D9 = {
						CreatedOnToolsVersion = 7.0;
						TestTargetID = 58D1D42E1BE9D5F90087D7D9;
					};
				};
			};
			buildConfigurationList = 58D1D42A1BE9D5F90087D7D9 /* Build configuration list for PBXProject "MailSuffix" */;
			compatibilityVersion = "Xcode 3.2";
			developmentRegion = English;
			hasScannedForEncodings = 0;
			knownRegions = (
				en,
				Base,
			);
			mainGroup = 58D1D4261BE9D5F90087D7D9;
			productRefGroup = 58D1D4301BE9D5F90087D7D9 /* Products */;
			projectDirPath = "";
			projectRoot = "";
			targets = (
				58D1D42E1BE9D5F90087D7D9 /* MailSuffix */,
				58D1D4471BE9D5F90087D7D9 /* MailSuffixTests */,
				58D1D4521BE9D5F90087D7D9 /* MailSuffixUITests */,
			);
		};
/* End PBXProject section */

/* Begin PBXResourcesBuildPhase section */
		58D1D42D1BE9D5F90087D7D9 /* Resources */ = {
			isa = PBXResourcesBuildPhase;
			buildActionMask = 2147483647;
			files = (
				58D1D4421BE9D5F90087D7D9 /* LaunchScreen.storyboard in Resources */,
				58D1D43F1BE9D5F90087D7D9 /* Assets.xcassets in Resources */,
				58D1D43D1BE9D5F90087D7D9 /* Main.storyboard in Resources */,
			);
			runOnlyForDeploymentPostprocessing = 0;
		};
		58D1D4461BE9D5F90087D7D9 /* Resources */ = {
			isa = PBXResourcesBuildPhase;
			buildActionMask = 2147483647;
			files = (
			);
			runOnlyForDeploymentPostprocessing = 0;
		};
		58D1D4511BE9D5F90087D7D9 /* Resources */ = {
			isa = PBXResourcesBuildPhase;
			buildActionMask = 2147483647;
			files = (
			);
			runOnlyForDeploymentPostprocessing = 0;
		};
/* End PBXResourcesBuildPhase section */

/* Begin PBXSourcesBuildPhase section */
		58D1D42B1BE9D5F90087D7D9 /* Sources */ = {
			isa = PBXSourcesBuildPhase;
			buildActionMask = 2147483647;
			files = (
				58D1D43A1BE9D5F90087D7D9 /* ViewController.m in Sources */,
				58D1D4371BE9D5F90087D7D9 /* AppDelegate.m in Sources */,
				58D1D4341BE9D5F90087D7D9 /* main.m in Sources */,
			);
			runOnlyForDeploymentPostprocessing = 0;
		};
		58D1D4441BE9D5F90087D7D9 /* Sources */ = {
			isa = PBXSourcesBuildPhase;
			buildActionMask = 2147483647;
			files = (
				58D1D44D1BE9D5F90087D7D9 /* MailSuffixTests.m in Sources */,
			);
			runOnlyForDeploymentPostprocessing = 0;
		};
		58D1D44F1BE9D5F90087D7D9 /* Sources */ = {
			isa = PBXSourcesBuildPhase;
			buildActionMask = 2147483647;
			files = (
				58D1D4581BE9D5F90087D7D9 /* MailSuffixUITests.m in Sources */,
			);
			runOnlyForDeploymentPostprocessing = 0;
		};
/* End PBXSourcesBuildPhase section */

/* Begin PBXTargetDependency section */
		58D1D44A1BE9D5F90087D7D9 /* PBXTargetDependency */ = {
			isa = PBXTargetDependency;
			target = 58D1D42E1BE9D5F90087D7D9 /* MailSuffix */;
			targetProxy = 58D1D4491BE9D5F90087D7D9 /* PBXContainerItemProxy */;
		};
		58D1D4551BE9D5F90087D7D9 /* PBXTargetDependency */ = {
			isa = PBXTargetDependency;
			target = 58D1D42E1BE9D5F90087D7D9 /* MailSuffix */;
			targetProxy = 58D1D4541BE9D5F90087D7D9 /* PBXContainerItemProxy */;
		};
/* End PBXTargetDependency section */

/* Begin PBXVariantGroup section */
		58D1D43B1BE9D5F90087D7D9 /* Main.storyboard */ = {
			isa = PBXVariantGroup;
			children = (
				58D1D43C1BE9D5F90087D7D9 /* Base */,
			);
			name = Main.storyboard;
			sourceTree = "<group>";
		};
		58D1D4401BE9D5F90087D7D9 /* LaunchScreen.storyboard */ = {
			isa = PBXVariantGroup;
			children = (
				58D1D4411BE9D5F90087D7D9 /* Base */,
			);
			name = LaunchScreen.storyboard;
			sourceTree = "<group>";
		};
/* End PBXVariantGroup section */

/* Begin XCBuildConfiguration section */
		58D1D45A1BE9D5F90087D7D9 /* Debug */ = {
			isa = XCBuildConfiguration;
			buildSettings = {
				ALWAYS_SEARCH_USER_PATHS = NO;
				CLANG_CXX_LANGUAGE_STANDARD = "gnu++0x";
				CLANG_CXX_LIBRARY = "libc++";
				CLANG_ENABLE_MODULES = YES;
				CLANG_ENABLE_OBJC_ARC = YES;
				CLANG_WARN_BOOL_CONVERSION = YES;
				CLANG_WARN_CONSTANT_CONVERSION = YES;
				CLANG_WARN_DIRECT_OBJC_ISA_USAGE = YES_ERROR;
				CLANG_WARN_EMPTY_BODY = YES;
				CLANG_WARN_ENUM_CONVERSION = YES;
				CLANG_WARN_INT_CONVERSION = YES;
				CLANG_WARN_OBJC_ROOT_CLASS = YES_ERROR;
				CLANG_WARN_UNREACHABLE_CODE = YES;
				CLANG_WARN__DUPLICATE_METHOD_MATCH = YES;
				"CODE_SIGN_IDENTITY[sdk=iphoneos*]" = "iPhone Developer";
				COPY_PHASE_STRIP = NO;
				DEBUG_INFORMATION_FORMAT = dwarf;
				ENABLE_STRICT_OBJC_MSGSEND = YES;
				ENABLE_TESTABILITY = YES;
				GCC_C_LANGUAGE_STANDARD = gnu99;
				GCC_DYNAMIC_NO_PIC = NO;
				GCC_NO_COMMON_BLOCKS = YES;
				GCC_OPTIMIZATION_LEVEL = 0;
				GCC_PREPROCESSOR_DEFINITIONS = (
					"DEBUG=1",
					"$(inherited)",
				);
				GCC_WARN_64_TO_32_BIT_CONVERSION = YES;
				GCC_WARN_ABOUT_RETURN_TYPE = YES_ERROR;
				GCC_WARN_UNDECLARED_SELECTOR = YES;
				GCC_WARN_UNINITIALIZED_AUTOS = YES_AGGRESSIVE;
				GCC_WARN_UNUSED_FUNCTION = YES;
				GCC_WARN_UNUSED_VARIABLE = YES;
				IPHONEOS_DEPLOYMENT_TARGET = 9.0;
				MTL_ENABLE_DEBUG_INFO = YES;
				ONLY_ACTIVE_ARCH = YES;
				SDKROOT = iphoneos;
				TARGETED_DEVICE_FAMILY = "1,2";
			};
			name = Debug;
		};
		58D1D45B1BE9D5F90087D7D9 /* Release */ = {
			isa = XCBuildConfiguration;
			buildSettings = {
				ALWAYS_SEARCH_USER_PATHS = NO;
				CLANG_CXX_LANGUAGE_STANDARD = "gnu++0x";
				CLANG_CXX_LIBRARY = "libc++";
				CLANG_ENABLE_MODULES = YES;
				CLANG_ENABLE_OBJC_ARC = YES;
				CLANG_WARN_BOOL_CONVERSION = YES;
				CLANG_WARN_CONSTANT_CONVERSION = YES;
				CLANG_WARN_DIRECT_OBJC_ISA_USAGE = YES_ERROR;
				CLANG_WARN_EMPTY_BODY = YES;
				CLANG_WARN_ENUM_CONVERSION = YES;
				CLANG_WARN_INT_CONVERSION = YES;
				CLANG_WARN_OBJC_ROOT_CLASS = YES_ERROR;
				CLANG_WARN_UNREACHABLE_CODE = YES;
				CLANG_WARN__DUPLICATE_METHOD_MATCH = YES;
				"CODE_SIGN_IDENTITY[sdk=iphoneos*]" = "iPhone Developer";
				COPY_PHASE_STRIP = NO;
				DEBUG_INFORMATION_FORMAT = "dwarf-with-dsym";
				ENABLE_NS_ASSERTIONS = NO;
				ENABLE_STRICT_OBJC_MSGSEND = YES;
				GCC_C_LANGUAGE_STANDARD = gnu99;
				GCC_NO_COMMON_BLOCKS = YES;
				GCC_WARN_64_TO_32_BIT_CONVERSION = YES;
				GCC_WARN_ABOUT_RETURN_TYPE = YES_ERROR;
				GCC_WARN_UNDECLARED_SELECTOR = YES;
				GCC_WARN_UNINITIALIZED_AUTOS = YES_AGGRESSIVE;
				GCC_WARN_UNUSED_FUNCTION = YES;
				GCC_WARN_UNUSED_VARIABLE = YES;
				IPHONEOS_DEPLOYMENT_TARGET = 9.0;
				MTL_ENABLE_DEBUG_INFO = NO;
				SDKROOT = iphoneos;
				TARGETED_DEVICE_FAMILY = "1,2";
				VALIDATE_PRODUCT = YES;
			};
			name = Release;
		};
		58D1D45D1BE9D5F90087D7D9 /* Debug */ = {
			isa = XCBuildConfiguration;
			buildSettings = {
				ASSETCATALOG_COMPILER_APPICON_NAME = AppIcon;
				INFOPLIST_FILE = MailSuffix/Info.plist;
				LD_RUNPATH_SEARCH_PATHS = "$(inherited) @executable_path/Frameworks";
				PRODUCT_BUNDLE_IDENTIFIER = com.MailSuffix;
				PRODUCT_NAME = "$(TARGET_NAME)";
			};
			name = Debug;
		};
		58D1D45E1BE9D5F90087D7D9 /* Release */ = {
			isa = XCBuildConfiguration;
			buildSettings = {
				ASSETCATALOG_COMPILER_APPICON_NAME = AppIcon;
				INFOPLIST_FILE = MailSuffix/Info.plist;
				LD_RUNPATH_SEARCH_PATHS = "$(inherited) @executable_path/Frameworks";
				PRODUCT_BUNDLE_IDENTIFIER = com.MailSuffix;
				PRODUCT_NAME = "$(TARGET_NAME)";
			};
			name = Release;
		};
		58D1D4601BE9D5F90087D7D9 /* Debug */ = {
			isa = XCBuildConfiguration;
			buildSettings = {
				BUNDLE_LOADER = "$(TEST_HOST)";
				INFOPLIST_FILE = MailSuffixTests/Info.plist;
				LD_RUNPATH_SEARCH_PATHS = "$(inherited) @executable_path/Frameworks @loader_path/Frameworks";
				PRODUCT_BUNDLE_IDENTIFIER = com.MailSuffixTests;
				PRODUCT_NAME = "$(TARGET_NAME)";
				TEST_HOST = "$(BUILT_PRODUCTS_DIR)/MailSuffix.app/MailSuffix";
			};
			name = Debug;
		};
		58D1D4611BE9D5F90087D7D9 /* Release */ = {
			isa = XCBuildConfiguration;
			buildSettings = {
				BUNDLE_LOADER = "$(TEST_HOST)";
				INFOPLIST_FILE = MailSuffixTests/Info.plist;
				LD_RUNPATH_SEARCH_PATHS = "$(inherited) @executable_path/Frameworks @loader_path/Frameworks";
				PRODUCT_BUNDLE_IDENTIFIER = com.MailSuffixTests;
				PRODUCT_NAME = "$(TARGET_NAME)";
				TEST_HOST = "$(BUILT_PRODUCTS_DIR)/MailSuffix.app/MailSuffix";
			};
			name = Release;
		};
		58D1D4631BE9D5F90087D7D9 /* Debug */ = {
			isa = XCBuildConfiguration;
			buildSettings = {
				INFOPLIST_FILE = MailSuffixUITests/Info.plist;
				LD_RUNPATH_SEARCH_PATHS = "$(inherited) @executable_path/Frameworks @loader_path/Frameworks";
				PRODUCT_BUNDLE_IDENTIFIER = com.MailSuffixUITests;
				PRODUCT_NAME = "$(TARGET_NAME)";
				TEST_TARGET_NAME = MailSuffix;
				USES_XCTRUNNER = YES;
			};
			name = Debug;
		};
		58D1D4641BE9D5F90087D7D9 /* Release */ = {
			isa = XCBuildConfiguration;
			buildSettings = {
				INFOPLIST_FILE = MailSuffixUITests/Info.plist;
				LD_RUNPATH_SEARCH_PATHS = "$(inherited) @executable_path/Frameworks @loader_path/Frameworks";
				PRODUCT_BUNDLE_IDENTIFIER = com.MailSuffixUITests;
				PRODUCT_NAME = "$(TARGET_NAME)";
				TEST_TARGET_NAME = MailSuffix;
				USES_XCTRUNNER = YES;
			};
			name = Release;
		};
/* End XCBuildConfiguration section */

/* Begin XCConfigurationList section */
		58D1D42A1BE9D5F90087D7D9 /* Build configuration list for PBXProject "MailSuffix" */ = {
			isa = XCConfigurationList;
			buildConfigurations = (
				58D1D45A1BE9D5F90087D7D9 /* Debug */,
				58D1D45B1BE9D5F90087D7D9 /* Release */,
			);
			defaultConfigurationIsVisible = 0;
			defaultConfigurationName = Release;
		};
		58D1D45C1BE9D5F90087D7D9 /* Build configuration list for PBXNativeTarget "MailSuffix" */ = {
			isa = XCConfigurationList;
			buildConfigurations = (
				58D1D45D1BE9D5F90087D7D9 /* Debug */,
				58D1D45E1BE9D5F90087D7D9 /* Release */,
			);
			defaultConfigurationIsVisible = 0;
		};
		58D1D45F1BE9D5F90087D7D9 /* Build configuration list for PBXNativeTarget "MailSuffixTests" */ = {
			isa = XCConfigurationList;
			buildConfigurations = (
				58D1D4601BE9D5F90087D7D9 /* Debug */,
				58D1D4611BE9D5F90087D7D9 /* Release */,
			);
			defaultConfigurationIsVisible = 0;
		};
		58D1D4621BE9D5F90087D7D9 /* Build configuration list for PBXNativeTarget "MailSuffixUITests" */ = {
			isa = XCConfigurationList;
			buildConfigurations = (
				58D1D4631BE9D5F90087D7D9 /* Debug */,
				58D1D4641BE9D5F90087D7D9 /* Release */,
			);
			defaultConfigurationIsVisible = 0;
		};
/* End XCConfigurationList section */
	};
	rootObject = 58D1D4271BE9D5F90087D7D9 /* Project object */;
}
